// !$*UTF8*$!
{
	archiveVersion = 1;
	classes = {
	};
	objectVersion = 56;
	objects = {

/* Begin PBXBuildFile section */
		8048EC152A9430F0008C44C3 /* Thrast.swift in Sources */ = {isa = PBXBuildFile; fileRef = 8048EC142A9430F0008C44C3 /* Thrast.swift */; };
		80B2DF6A2A81780B00035BC7 /* OutfiterApp.swift in Sources */ = {isa = PBXBuildFile; fileRef = 80B2DF692A81780B00035BC7 /* OutfiterApp.swift */; };
		80B2DF6C2A81780B00035BC7 /* ContentView.swift in Sources */ = {isa = PBXBuildFile; fileRef = 80B2DF6B2A81780B00035BC7 /* ContentView.swift */; };
		80B2DF6E2A81780D00035BC7 /* Assets.xcassets in Resources */ = {isa = PBXBuildFile; fileRef = 80B2DF6D2A81780D00035BC7 /* Assets.xcassets */; };
		80B2DF712A81780D00035BC7 /* Preview Assets.xcassets in Resources */ = {isa = PBXBuildFile; fileRef = 80B2DF702A81780D00035BC7 /* Preview Assets.xcassets */; };
		80B2DF7B2A81780D00035BC7 /* OutfiterTests.swift in Sources */ = {isa = PBXBuildFile; fileRef = 80B2DF7A2A81780D00035BC7 /* OutfiterTests.swift */; };
		80B2DF852A81780D00035BC7 /* OutfiterUITests.swift in Sources */ = {isa = PBXBuildFile; fileRef = 80B2DF842A81780D00035BC7 /* OutfiterUITests.swift */; };
		80B2DF872A81780D00035BC7 /* OutfiterUITestsLaunchTests.swift in Sources */ = {isa = PBXBuildFile; fileRef = 80B2DF862A81780D00035BC7 /* OutfiterUITestsLaunchTests.swift */; };
		E232DB132A948B6A00AD85B8 /* NetworkService.swift in Sources */ = {isa = PBXBuildFile; fileRef = E232DB122A948B6A00AD85B8 /* NetworkService.swift */; };
/* End PBXBuildFile section */

/* Begin PBXContainerItemProxy section */
		80B2DF772A81780D00035BC7 /* PBXContainerItemProxy */ = {
			isa = PBXContainerItemProxy;
			containerPortal = 80B2DF5E2A81780B00035BC7 /* Project object */;
			proxyType = 1;
			remoteGlobalIDString = 80B2DF652A81780B00035BC7;
			remoteInfo = Outfiter;
		};
		80B2DF812A81780D00035BC7 /* PBXContainerItemProxy */ = {
			isa = PBXContainerItemProxy;
			containerPortal = 80B2DF5E2A81780B00035BC7 /* Project object */;
			proxyType = 1;
			remoteGlobalIDString = 80B2DF652A81780B00035BC7;
			remoteInfo = Outfiter;
		};
/* End PBXContainerItemProxy section */

/* Begin PBXFileReference section */
		8048EC142A9430F0008C44C3 /* Thrast.swift */ = {isa = PBXFileReference; lastKnownFileType = sourcecode.swift; path = Thrast.swift; sourceTree = "<group>"; };
		80B2DF662A81780B00035BC7 /* Outfiter.app */ = {isa = PBXFileReference; explicitFileType = wrapper.application; includeInIndex = 0; path = Outfiter.app; sourceTree = BUILT_PRODUCTS_DIR; };
		80B2DF692A81780B00035BC7 /* OutfiterApp.swift */ = {isa = PBXFileReference; lastKnownFileType = sourcecode.swift; path = OutfiterApp.swift; sourceTree = "<group>"; };
		80B2DF6B2A81780B00035BC7 /* ContentView.swift */ = {isa = PBXFileReference; lastKnownFileType = sourcecode.swift; path = ContentView.swift; sourceTree = "<group>"; };
		80B2DF6D2A81780D00035BC7 /* Assets.xcassets */ = {isa = PBXFileReference; lastKnownFileType = folder.assetcatalog; path = Assets.xcassets; sourceTree = "<group>"; };
		80B2DF702A81780D00035BC7 /* Preview Assets.xcassets */ = {isa = PBXFileReference; lastKnownFileType = folder.assetcatalog; path = "Preview Assets.xcassets"; sourceTree = "<group>"; };
		80B2DF762A81780D00035BC7 /* OutfiterTests.xctest */ = {isa = PBXFileReference; explicitFileType = wrapper.cfbundle; includeInIndex = 0; path = OutfiterTests.xctest; sourceTree = BUILT_PRODUCTS_DIR; };
		80B2DF7A2A81780D00035BC7 /* OutfiterTests.swift */ = {isa = PBXFileReference; lastKnownFileType = sourcecode.swift; path = OutfiterTests.swift; sourceTree = "<group>"; };
		80B2DF802A81780D00035BC7 /* OutfiterUITests.xctest */ = {isa = PBXFileReference; explicitFileType = wrapper.cfbundle; includeInIndex = 0; path = OutfiterUITests.xctest; sourceTree = BUILT_PRODUCTS_DIR; };
		80B2DF842A81780D00035BC7 /* OutfiterUITests.swift */ = {isa = PBXFileReference; lastKnownFileType = sourcecode.swift; path = OutfiterUITests.swift; sourceTree = "<group>"; };
		80B2DF862A81780D00035BC7 /* OutfiterUITestsLaunchTests.swift */ = {isa = PBXFileReference; lastKnownFileType = sourcecode.swift; path = OutfiterUITestsLaunchTests.swift; sourceTree = "<group>"; };
		E232DB122A948B6A00AD85B8 /* NetworkService.swift */ = {isa = PBXFileReference; lastKnownFileType = sourcecode.swift; path = NetworkService.swift; sourceTree = "<group>"; };
/* End PBXFileReference section */

/* Begin PBXFrameworksBuildPhase section */
		80B2DF632A81780B00035BC7 /* Frameworks */ = {
			isa = PBXFrameworksBuildPhase;
			buildActionMask = 2147483647;
			files = (
			);
			runOnlyForDeploymentPostprocessing = 0;
		};
		80B2DF732A81780D00035BC7 /* Frameworks */ = {
			isa = PBXFrameworksBuildPhase;
			buildActionMask = 2147483647;
			files = (
			);
			runOnlyForDeploymentPostprocessing = 0;
		};
		80B2DF7D2A81780D00035BC7 /* Frameworks */ = {
			isa = PBXFrameworksBuildPhase;
			buildActionMask = 2147483647;
			files = (
			);
			runOnlyForDeploymentPostprocessing = 0;
		};
/* End PBXFrameworksBuildPhase section */

/* Begin PBXGroup section */
		80B2DF5D2A81780B00035BC7 = {
			isa = PBXGroup;
			children = (
				80B2DF682A81780B00035BC7 /* Outfiter */,
				80B2DF792A81780D00035BC7 /* OutfiterTests */,
				80B2DF832A81780D00035BC7 /* OutfiterUITests */,
				80B2DF672A81780B00035BC7 /* Products */,
			);
			sourceTree = "<group>";
		};
		80B2DF672A81780B00035BC7 /* Products */ = {
			isa = PBXGroup;
			children = (
				80B2DF662A81780B00035BC7 /* Outfiter.app */,
				80B2DF762A81780D00035BC7 /* OutfiterTests.xctest */,
				80B2DF802A81780D00035BC7 /* OutfiterUITests.xctest */,
			);
			name = Products;
			sourceTree = "<group>";
		};
		80B2DF682A81780B00035BC7 /* Outfiter */ = {
			isa = PBXGroup;
			children = (
				E232DB112A948B5A00AD85B8 /* Networking */,
				80B2DF692A81780B00035BC7 /* OutfiterApp.swift */,
				80B2DF6B2A81780B00035BC7 /* ContentView.swift */,
				8048EC142A9430F0008C44C3 /* Thrast.swift */,
				80B2DF6D2A81780D00035BC7 /* Assets.xcassets */,
				80B2DF6F2A81780D00035BC7 /* Preview Content */,
			);
			path = Outfiter;
			sourceTree = "<group>";
		};
		80B2DF6F2A81780D00035BC7 /* Preview Content */ = {
			isa = PBXGroup;
			children = (
				80B2DF702A81780D00035BC7 /* Preview Assets.xcassets */,
			);
			path = "Preview Content";
			sourceTree = "<group>";
		};
		80B2DF792A81780D00035BC7 /* OutfiterTests */ = {
			isa = PBXGroup;
			children = (
				80B2DF7A2A81780D00035BC7 /* OutfiterTests.swift */,
			);
			path = OutfiterTests;
			sourceTree = "<group>";
		};
		80B2DF832A81780D00035BC7 /* OutfiterUITests */ = {
			isa = PBXGroup;
			children = (
				80B2DF842A81780D00035BC7 /* OutfiterUITests.swift */,
				80B2DF862A81780D00035BC7 /* OutfiterUITestsLaunchTests.swift */,
			);
			path = OutfiterUITests;
			sourceTree = "<group>";
		};
		E232DB112A948B5A00AD85B8 /* Networking */ = {
			isa = PBXGroup;
			children = (
				E232DB122A948B6A00AD85B8 /* NetworkService.swift */,
			);
			path = Networking;
			sourceTree = "<group>";
		};
/* End PBXGroup section */

/* Begin PBXNativeTarget section */
		80B2DF652A81780B00035BC7 /* Outfiter */ = {
			isa = PBXNativeTarget;
			buildConfigurationList = 80B2DF8A2A81780D00035BC7 /* Build configuration list for PBXNativeTarget "Outfiter" */;
			buildPhases = (
				80B2DF622A81780B00035BC7 /* Sources */,
				80B2DF632A81780B00035BC7 /* Frameworks */,
				80B2DF642A81780B00035BC7 /* Resources */,
			);
			buildRules = (
			);
			dependencies = (
			);
			name = Outfiter;
			productName = Outfiter;
			productReference = 80B2DF662A81780B00035BC7 /* Outfiter.app */;
			productType = "com.apple.product-type.application";
		};
		80B2DF752A81780D00035BC7 /* OutfiterTests */ = {
			isa = PBXNativeTarget;
			buildConfigurationList = 80B2DF8D2A81780D00035BC7 /* Build configuration list for PBXNativeTarget "OutfiterTests" */;
			buildPhases = (
				80B2DF722A81780D00035BC7 /* Sources */,
				80B2DF732A81780D00035BC7 /* Frameworks */,
				80B2DF742A81780D00035BC7 /* Resources */,
			);
			buildRules = (
			);
			dependencies = (
				80B2DF782A81780D00035BC7 /* PBXTargetDependency */,
			);
			name = OutfiterTests;
			productName = OutfiterTests;
			productReference = 80B2DF762A81780D00035BC7 /* OutfiterTests.xctest */;
			productType = "com.apple.product-type.bundle.unit-test";
		};
		80B2DF7F2A81780D00035BC7 /* OutfiterUITests */ = {
			isa = PBXNativeTarget;
			buildConfigurationList = 80B2DF902A81780D00035BC7 /* Build configuration list for PBXNativeTarget "OutfiterUITests" */;
			buildPhases = (
				80B2DF7C2A81780D00035BC7 /* Sources */,
				80B2DF7D2A81780D00035BC7 /* Frameworks */,
				80B2DF7E2A81780D00035BC7 /* Resources */,
			);
			buildRules = (
			);
			dependencies = (
				80B2DF822A81780D00035BC7 /* PBXTargetDependency */,
			);
			name = OutfiterUITests;
			productName = OutfiterUITests;
			productReference = 80B2DF802A81780D00035BC7 /* OutfiterUITests.xctest */;
			productType = "com.apple.product-type.bundle.ui-testing";
		};
/* End PBXNativeTarget section */

/* Begin PBXProject section */
		80B2DF5E2A81780B00035BC7 /* Project object */ = {
			isa = PBXProject;
			attributes = {
				BuildIndependentTargetsInParallel = 1;
				LastSwiftUpdateCheck = 1430;
				LastUpgradeCheck = 1430;
				TargetAttributes = {
					80B2DF652A81780B00035BC7 = {
						CreatedOnToolsVersion = 14.3.1;
					};
					80B2DF752A81780D00035BC7 = {
						CreatedOnToolsVersion = 14.3.1;
						TestTargetID = 80B2DF652A81780B00035BC7;
					};
					80B2DF7F2A81780D00035BC7 = {
						CreatedOnToolsVersion = 14.3.1;
						TestTargetID = 80B2DF652A81780B00035BC7;
					};
				};
			};
			buildConfigurationList = 80B2DF612A81780B00035BC7 /* Build configuration list for PBXProject "Outfiter" */;
			compatibilityVersion = "Xcode 14.0";
			developmentRegion = en;
			hasScannedForEncodings = 0;
			knownRegions = (
				en,
				Base,
			);
			mainGroup = 80B2DF5D2A81780B00035BC7;
			productRefGroup = 80B2DF672A81780B00035BC7 /* Products */;
			projectDirPath = "";
			projectRoot = "";
			targets = (
				80B2DF652A81780B00035BC7 /* Outfiter */,
				80B2DF752A81780D00035BC7 /* OutfiterTests */,
				80B2DF7F2A81780D00035BC7 /* OutfiterUITests */,
			);
		};
/* End PBXProject section */

/* Begin PBXResourcesBuildPhase section */
		80B2DF642A81780B00035BC7 /* Resources */ = {
			isa = PBXResourcesBuildPhase;
			buildActionMask = 2147483647;
			files = (
				80B2DF712A81780D00035BC7 /* Preview Assets.xcassets in Resources */,
				80B2DF6E2A81780D00035BC7 /* Assets.xcassets in Resources */,
			);
			runOnlyForDeploymentPostprocessing = 0;
		};
		80B2DF742A81780D00035BC7 /* Resources */ = {
			isa = PBXResourcesBuildPhase;
			buildActionMask = 2147483647;
			files = (
			);
			runOnlyForDeploymentPostprocessing = 0;
		};
		80B2DF7E2A81780D00035BC7 /* Resources */ = {
			isa = PBXResourcesBuildPhase;
			buildActionMask = 2147483647;
			files = (
			);
			runOnlyForDeploymentPostprocessing = 0;
		};
/* End PBXResourcesBuildPhase section */

/* Begin PBXSourcesBuildPhase section */
		80B2DF622A81780B00035BC7 /* Sources */ = {
			isa = PBXSourcesBuildPhase;
			buildActionMask = 2147483647;
			files = (
				80B2DF6C2A81780B00035BC7 /* ContentView.swift in Sources */,
				8048EC152A9430F0008C44C3 /* Thrast.swift in Sources */,
				E232DB132A948B6A00AD85B8 /* NetworkService.swift in Sources */,
				80B2DF6A2A81780B00035BC7 /* OutfiterApp.swift in Sources */,
			);
			runOnlyForDeploymentPostprocessing = 0;
		};
		80B2DF722A81780D00035BC7 /* Sources */ = {
			isa = PBXSourcesBuildPhase;
			buildActionMask = 2147483647;
			files = (
				80B2DF7B2A81780D00035BC7 /* OutfiterTests.swift in Sources */,
			);
			runOnlyForDeploymentPostprocessing = 0;
		};
		80B2DF7C2A81780D00035BC7 /* Sources */ = {
			isa = PBXSourcesBuildPhase;
			buildActionMask = 2147483647;
			files = (
				80B2DF872A81780D00035BC7 /* OutfiterUITestsLaunchTests.swift in Sources */,
				80B2DF852A81780D00035BC7 /* OutfiterUITests.swift in Sources */,
			);
			runOnlyForDeploymentPostprocessing = 0;
		};
/* End PBXSourcesBuildPhase section */

/* Begin PBXTargetDependency section */
		80B2DF782A81780D00035BC7 /* PBXTargetDependency */ = {
			isa = PBXTargetDependency;
			target = 80B2DF652A81780B00035BC7 /* Outfiter */;
			targetProxy = 80B2DF772A81780D00035BC7 /* PBXContainerItemProxy */;
		};
		80B2DF822A81780D00035BC7 /* PBXTargetDependency */ = {
			isa = PBXTargetDependency;
			target = 80B2DF652A81780B00035BC7 /* Outfiter */;
			targetProxy = 80B2DF812A81780D00035BC7 /* PBXContainerItemProxy */;
		};
/* End PBXTargetDependency section */

/* Begin XCBuildConfiguration section */
		80B2DF882A81780D00035BC7 /* Debug */ = {
			isa = XCBuildConfiguration;
			buildSettings = {
				ALWAYS_SEARCH_USER_PATHS = NO;
				CLANG_ANALYZER_NONNULL = YES;
				CLANG_ANALYZER_NUMBER_OBJECT_CONVERSION = YES_AGGRESSIVE;
				CLANG_CXX_LANGUAGE_STANDARD = "gnu++20";
				CLANG_ENABLE_MODULES = YES;
				CLANG_ENABLE_OBJC_ARC = YES;
				CLANG_ENABLE_OBJC_WEAK = YES;
				CLANG_WARN_BLOCK_CAPTURE_AUTORELEASING = YES;
				CLANG_WARN_BOOL_CONVERSION = YES;
				CLANG_WARN_COMMA = YES;
				CLANG_WARN_CONSTANT_CONVERSION = YES;
				CLANG_WARN_DEPRECATED_OBJC_IMPLEMENTATIONS = YES;
				CLANG_WARN_DIRECT_OBJC_ISA_USAGE = YES_ERROR;
				CLANG_WARN_DOCUMENTATION_COMMENTS = YES;
				CLANG_WARN_EMPTY_BODY = YES;
				CLANG_WARN_ENUM_CONVERSION = YES;
				CLANG_WARN_INFINITE_RECURSION = YES;
				CLANG_WARN_INT_CONVERSION = YES;
				CLANG_WARN_NON_LITERAL_NULL_CONVERSION = YES;
				CLANG_WARN_OBJC_IMPLICIT_RETAIN_SELF = YES;
				CLANG_WARN_OBJC_LITERAL_CONVERSION = YES;
				CLANG_WARN_OBJC_ROOT_CLASS = YES_ERROR;
				CLANG_WARN_QUOTED_INCLUDE_IN_FRAMEWORK_HEADER = YES;
				CLANG_WARN_RANGE_LOOP_ANALYSIS = YES;
				CLANG_WARN_STRICT_PROTOTYPES = YES;
				CLANG_WARN_SUSPICIOUS_MOVE = YES;
				CLANG_WARN_UNGUARDED_AVAILABILITY = YES_AGGRESSIVE;
				CLANG_WARN_UNREACHABLE_CODE = YES;
				CLANG_WARN__DUPLICATE_METHOD_MATCH = YES;
				COPY_PHASE_STRIP = NO;
				DEBUG_INFORMATION_FORMAT = dwarf;
				ENABLE_STRICT_OBJC_MSGSEND = YES;
				ENABLE_TESTABILITY = YES;
				GCC_C_LANGUAGE_STANDARD = gnu11;
				GCC_DYNAMIC_NO_PIC = NO;
				GCC_NO_COMMON_BLOCKS = YES;
				GCC_OPTIMIZATION_LEVEL = 0;
				GCC_PREPROCESSOR_DEFINITIONS = (
					"DEBUG=1",
					"$(inherited)",
				);
				GCC_WARN_64_TO_32_BIT_CONVERSION = YES;
				GCC_WARN_ABOUT_RETURN_TYPE = YES_ERROR;
				GCC_WARN_UNDECLARED_SELECTOR = YES;
				GCC_WARN_UNINITIALIZED_AUTOS = YES_AGGRESSIVE;
				GCC_WARN_UNUSED_FUNCTION = YES;
				GCC_WARN_UNUSED_VARIABLE = YES;
				IPHONEOS_DEPLOYMENT_TARGET = 16.4;
				MTL_ENABLE_DEBUG_INFO = INCLUDE_SOURCE;
				MTL_FAST_MATH = YES;
				ONLY_ACTIVE_ARCH = YES;
				SDKROOT = iphoneos;
				SWIFT_ACTIVE_COMPILATION_CONDITIONS = DEBUG;
				SWIFT_OPTIMIZATION_LEVEL = "-Onone";
			};
			name = Debug;
		};
		80B2DF892A81780D00035BC7 /* Release */ = {
			isa = XCBuildConfiguration;
			buildSettings = {
				ALWAYS_SEARCH_USER_PATHS = NO;
				CLANG_ANALYZER_NONNULL = YES;
				CLANG_ANALYZER_NUMBER_OBJECT_CONVERSION = YES_AGGRESSIVE;
				CLANG_CXX_LANGUAGE_STANDARD = "gnu++20";
				CLANG_ENABLE_MODULES = YES;
				CLANG_ENABLE_OBJC_ARC = YES;
				CLANG_ENABLE_OBJC_WEAK = YES;
				CLANG_WARN_BLOCK_CAPTURE_AUTORELEASING = YES;
				CLANG_WARN_BOOL_CONVERSION = YES;
				CLANG_WARN_COMMA = YES;
				CLANG_WARN_CONSTANT_CONVERSION = YES;
				CLANG_WARN_DEPRECATED_OBJC_IMPLEMENTATIONS = YES;
				CLANG_WARN_DIRECT_OBJC_ISA_USAGE = YES_ERROR;
				CLANG_WARN_DOCUMENTATION_COMMENTS = YES;
				CLANG_WARN_EMPTY_BODY = YES;
				CLANG_WARN_ENUM_CONVERSION = YES;
				CLANG_WARN_INFINITE_RECURSION = YES;
				CLANG_WARN_INT_CONVERSION = YES;
				CLANG_WARN_NON_LITERAL_NULL_CONVERSION = YES;
				CLANG_WARN_OBJC_IMPLICIT_RETAIN_SELF = YES;
				CLANG_WARN_OBJC_LITERAL_CONVERSION = YES;
				CLANG_WARN_OBJC_ROOT_CLASS = YES_ERROR;
				CLANG_WARN_QUOTED_INCLUDE_IN_FRAMEWORK_HEADER = YES;
				CLANG_WARN_RANGE_LOOP_ANALYSIS = YES;
				CLANG_WARN_STRICT_PROTOTYPES = YES;
				CLANG_WARN_SUSPICIOUS_MOVE = YES;
				CLANG_WARN_UNGUARDED_AVAILABILITY = YES_AGGRESSIVE;
				CLANG_WARN_UNREACHABLE_CODE = YES;
				CLANG_WARN__DUPLICATE_METHOD_MATCH = YES;
				COPY_PHASE_STRIP = NO;
				DEBUG_INFORMATION_FORMAT = "dwarf-with-dsym";
				ENABLE_NS_ASSERTIONS = NO;
				ENABLE_STRICT_OBJC_MSGSEND = YES;
				GCC_C_LANGUAGE_STANDARD = gnu11;
				GCC_NO_COMMON_BLOCKS = YES;
				GCC_WARN_64_TO_32_BIT_CONVERSION = YES;
				GCC_WARN_ABOUT_RETURN_TYPE = YES_ERROR;
				GCC_WARN_UNDECLARED_SELECTOR = YES;
				GCC_WARN_UNINITIALIZED_AUTOS = YES_AGGRESSIVE;
				GCC_WARN_UNUSED_FUNCTION = YES;
				GCC_WARN_UNUSED_VARIABLE = YES;
				IPHONEOS_DEPLOYMENT_TARGET = 16.4;
				MTL_ENABLE_DEBUG_INFO = NO;
				MTL_FAST_MATH = YES;
				SDKROOT = iphoneos;
				SWIFT_COMPILATION_MODE = wholemodule;
				SWIFT_OPTIMIZATION_LEVEL = "-O";
				VALIDATE_PRODUCT = YES;
			};
			name = Release;
		};
		80B2DF8B2A81780D00035BC7 /* Debug */ = {
			isa = XCBuildConfiguration;
			buildSettings = {
				ASSETCATALOG_COMPILER_APPICON_NAME = AppIcon;
				ASSETCATALOG_COMPILER_GLOBAL_ACCENT_COLOR_NAME = AccentColor;
				CODE_SIGN_STYLE = Automatic;
				CURRENT_PROJECT_VERSION = 1;
				DEVELOPMENT_ASSET_PATHS = "\"Outfiter/Preview Content\"";
				DEVELOPMENT_TEAM = PQ6M67LP4Y;
				ENABLE_PREVIEWS = YES;
				GENERATE_INFOPLIST_FILE = YES;
				INFOPLIST_KEY_UIApplicationSceneManifest_Generation = YES;
				INFOPLIST_KEY_UIApplicationSupportsIndirectInputEvents = YES;
				INFOPLIST_KEY_UILaunchScreen_Generation = YES;
				INFOPLIST_KEY_UISupportedInterfaceOrientations_iPad = "UIInterfaceOrientationPortrait UIInterfaceOrientationPortraitUpsideDown UIInterfaceOrientationLandscapeLeft UIInterfaceOrientationLandscapeRight";
				INFOPLIST_KEY_UISupportedInterfaceOrientations_iPhone = "UIInterfaceOrientationPortrait UIInterfaceOrientationLandscapeLeft UIInterfaceOrientationLandscapeRight";
				LD_RUNPATH_SEARCH_PATHS = (
					"$(inherited)",
					"@executable_path/Frameworks",
				);
				MARKETING_VERSION = 1.0;
				PRODUCT_BUNDLE_IDENTIFIER = "Pedro-Ferreira.Outfiter";
				PRODUCT_NAME = "$(TARGET_NAME)";
				SWIFT_EMIT_LOC_STRINGS = YES;
				SWIFT_VERSION = 5.0;
				TARGETED_DEVICE_FAMILY = "1,2";
			};
			name = Debug;
		};
		80B2DF8C2A81780D00035BC7 /* Release */ = {
			isa = XCBuildConfiguration;
			buildSettings = {
				ASSETCATALOG_COMPILER_APPICON_NAME = AppIcon;
				ASSETCATALOG_COMPILER_GLOBAL_ACCENT_COLOR_NAME = AccentColor;
				CODE_SIGN_STYLE = Automatic;
				CURRENT_PROJECT_VERSION = 1;
				DEVELOPMENT_ASSET_PATHS = "\"Outfiter/Preview Content\"";
				DEVELOPMENT_TEAM = PQ6M67LP4Y;
				ENABLE_PREVIEWS = YES;
				GENERATE_INFOPLIST_FILE = YES;
				INFOPLIST_KEY_UIApplicationSceneManifest_Generation = YES;
				INFOPLIST_KEY_UIApplicationSupportsIndirectInputEvents = YES;
				INFOPLIST_KEY_UILaunchScreen_Generation = YES;
				INFOPLIST_KEY_UISupportedInterfaceOrientations_iPad = "UIInterfaceOrientationPortrait UIInterfaceOrientationPortraitUpsideDown UIInterfaceOrientationLandscapeLeft UIInterfaceOrientationLandscapeRight";
				INFOPLIST_KEY_UISupportedInterfaceOrientations_iPhone = "UIInterfaceOrientationPortrait UIInterfaceOrientationLandscapeLeft UIInterfaceOrientationLandscapeRight";
				LD_RUNPATH_SEARCH_PATHS = (
					"$(inherited)",
					"@executable_path/Frameworks",
				);
				MARKETING_VERSION = 1.0;
				PRODUCT_BUNDLE_IDENTIFIER = "Pedro-Ferreira.Outfiter";
				PRODUCT_NAME = "$(TARGET_NAME)";
				SWIFT_EMIT_LOC_STRINGS = YES;
				SWIFT_VERSION = 5.0;
				TARGETED_DEVICE_FAMILY = "1,2";
			};
			name = Release;
		};
		80B2DF8E2A81780D00035BC7 /* Debug */ = {
			isa = XCBuildConfiguration;
			buildSettings = {
				ALWAYS_EMBED_SWIFT_STANDARD_LIBRARIES = YES;
				BUNDLE_LOADER = "$(TEST_HOST)";
				CODE_SIGN_STYLE = Automatic;
				CURRENT_PROJECT_VERSION = 1;
				DEVELOPMENT_TEAM = PQ6M67LP4Y;
				GENERATE_INFOPLIST_FILE = YES;
				IPHONEOS_DEPLOYMENT_TARGET = 16.4;
				MARKETING_VERSION = 1.0;
				PRODUCT_BUNDLE_IDENTIFIER = "Pedro-Ferreira.OutfiterTests";
				PRODUCT_NAME = "$(TARGET_NAME)";
				SWIFT_EMIT_LOC_STRINGS = NO;
				SWIFT_VERSION = 5.0;
				TARGETED_DEVICE_FAMILY = "1,2";
				TEST_HOST = "$(BUILT_PRODUCTS_DIR)/Outfiter.app/$(BUNDLE_EXECUTABLE_FOLDER_PATH)/Outfiter";
			};
			name = Debug;
		};
		80B2DF8F2A81780D00035BC7 /* Release */ = {
			isa = XCBuildConfiguration;
			buildSettings = {
				ALWAYS_EMBED_SWIFT_STANDARD_LIBRARIES = YES;
				BUNDLE_LOADER = "$(TEST_HOST)";
				CODE_SIGN_STYLE = Automatic;
				CURRENT_PROJECT_VERSION = 1;
				DEVELOPMENT_TEAM = PQ6M67LP4Y;
				GENERATE_INFOPLIST_FILE = YES;
				IPHONEOS_DEPLOYMENT_TARGET = 16.4;
				MARKETING_VERSION = 1.0;
				PRODUCT_BUNDLE_IDENTIFIER = "Pedro-Ferreira.OutfiterTests";
				PRODUCT_NAME = "$(TARGET_NAME)";
				SWIFT_EMIT_LOC_STRINGS = NO;
				SWIFT_VERSION = 5.0;
				TARGETED_DEVICE_FAMILY = "1,2";
				TEST_HOST = "$(BUILT_PRODUCTS_DIR)/Outfiter.app/$(BUNDLE_EXECUTABLE_FOLDER_PATH)/Outfiter";
			};
			name = Release;
		};
		80B2DF912A81780D00035BC7 /* Debug */ = {
			isa = XCBuildConfiguration;
			buildSettings = {
				ALWAYS_EMBED_SWIFT_STANDARD_LIBRARIES = YES;
				CODE_SIGN_STYLE = Automatic;
				CURRENT_PROJECT_VERSION = 1;
				DEVELOPMENT_TEAM = PQ6M67LP4Y;
				GENERATE_INFOPLIST_FILE = YES;
				MARKETING_VERSION = 1.0;
				PRODUCT_BUNDLE_IDENTIFIER = "Pedro-Ferreira.OutfiterUITests";
				PRODUCT_NAME = "$(TARGET_NAME)";
				SWIFT_EMIT_LOC_STRINGS = NO;
				SWIFT_VERSION = 5.0;
				TARGETED_DEVICE_FAMILY = "1,2";
				TEST_TARGET_NAME = Outfiter;
			};
			name = Debug;
		};
		80B2DF922A81780D00035BC7 /* Release */ = {
			isa = XCBuildConfiguration;
			buildSettings = {
				ALWAYS_EMBED_SWIFT_STANDARD_LIBRARIES = YES;
				CODE_SIGN_STYLE = Automatic;
				CURRENT_PROJECT_VERSION = 1;
				DEVELOPMENT_TEAM = PQ6M67LP4Y;
				GENERATE_INFOPLIST_FILE = YES;
				MARKETING_VERSION = 1.0;
				PRODUCT_BUNDLE_IDENTIFIER = "Pedro-Ferreira.OutfiterUITests";
				PRODUCT_NAME = "$(TARGET_NAME)";
				SWIFT_EMIT_LOC_STRINGS = NO;
				SWIFT_VERSION = 5.0;
				TARGETED_DEVICE_FAMILY = "1,2";
				TEST_TARGET_NAME = Outfiter;
			};
			name = Release;
		};
/* End XCBuildConfiguration section */

/* Begin XCConfigurationList section */
		80B2DF612A81780B00035BC7 /* Build configuration list for PBXProject "Outfiter" */ = {
			isa = XCConfigurationList;
			buildConfigurations = (
				80B2DF882A81780D00035BC7 /* Debug */,
				80B2DF892A81780D00035BC7 /* Release */,
			);
			defaultConfigurationIsVisible = 0;
			defaultConfigurationName = Release;
		};
		80B2DF8A2A81780D00035BC7 /* Build configuration list for PBXNativeTarget "Outfiter" */ = {
			isa = XCConfigurationList;
			buildConfigurations = (
				80B2DF8B2A81780D00035BC7 /* Debug */,
				80B2DF8C2A81780D00035BC7 /* Release */,
			);
			defaultConfigurationIsVisible = 0;
			defaultConfigurationName = Release;
		};
		80B2DF8D2A81780D00035BC7 /* Build configuration list for PBXNativeTarget "OutfiterTests" */ = {
			isa = XCConfigurationList;
			buildConfigurations = (
				80B2DF8E2A81780D00035BC7 /* Debug */,
				80B2DF8F2A81780D00035BC7 /* Release */,
			);
			defaultConfigurationIsVisible = 0;
			defaultConfigurationName = Release;
		};
		80B2DF902A81780D00035BC7 /* Build configuration list for PBXNativeTarget "OutfiterUITests" */ = {
			isa = XCConfigurationList;
			buildConfigurations = (
				80B2DF912A81780D00035BC7 /* Debug */,
				80B2DF922A81780D00035BC7 /* Release */,
			);
			defaultConfigurationIsVisible = 0;
			defaultConfigurationName = Release;
		};
/* End XCConfigurationList section */
	};
	rootObject = 80B2DF5E2A81780B00035BC7 /* Project object */;
}
